<?xml version="1.0" encoding="utf-8"?>
<Project ToolsVersion="4.0" xmlns="http://schemas.microsoft.com/developer/msbuild/2003">
  <ItemGroup>
    <Filter Include="Source Files">
      <UniqueIdentifier>{F70068D9-7B66-4887-B324-67B5275558CF}</UniqueIdentifier>
      <Extensions>cpp;c;cc;cxx;def;odl;idl;hpj;bat;asm;asmx</Extensions>
    </Filter>
    <Filter Include="Resource Files">
      <UniqueIdentifier>{CBF1A534-070B-4B6C-8987-EDDF7F367123}</UniqueIdentifier>
      <Extensions>rc;ico;cur;bmp;dlg;rc2;rct;bin;rgs;gif;jpg;jpeg;jpe;resx;tiff;tif;png;wav;mfcribbon-ms</Extensions>
    </Filter>
  </ItemGroup>
  <ItemGroup>
    <ClCompile Include="src\basis\App.cpp">
      <Filter>Source Files</Filter>
    </ClCompile>
    <ClCompile Include="src\basis\camera.cpp">
      <Filter>Source Files</Filter>
    </ClCompile>
    <ClCompile Include="src\basis\curve.cpp">
      <Filter>Source Files</Filter>
    </ClCompile>
    <ClCompile Include="src\basis\parse.cpp">
      <Filter>Source Files</Filter>
    </ClCompile>
    <ClCompile Include="src\basis\surf.cpp">
      <Filter>Source Files</Filter>
    </ClCompile>
    <ClCompile Include="src\basis\Subdiv.cpp">
      <Filter>Source Files</Filter>
    </ClCompile>
    <ClCompile Include="src\basis\cameraPath.cpp">
      <Filter>Source Files</Filter>
    </ClCompile>
  </ItemGroup>
  <ItemGroup>
    <ClInclude Include="src\basis\App.hpp">
      <Filter>Source Files</Filter>
    </ClInclude>
    <ClInclude Include="src\basis\camera.h">
      <Filter>Source Files</Filter>
    </ClInclude>
    <ClInclude Include="src\basis\curve.h">
      <Filter>Source Files</Filter>
    </ClInclude>
    <ClInclude Include="src\basis\extra.h">
      <Filter>Source Files</Filter>
    </ClInclude>
    <ClInclude Include="src\basis\parse.h">
      <Filter>Source Files</Filter>
    </ClInclude>
    <ClInclude Include="src\basis\surf.h">
      <Filter>Source Files</Filter>
    </ClInclude>
    <ClInclude Include="src\basis\Subdiv.hpp">
      <Filter>Source Files</Filter>
    </ClInclude>
    <ClInclude Include="src\basis\cameraPath.h">
      <Filter>Source Files</Filter>
    </ClInclude>
  </ItemGroup>
</Project>